# This file is automatically @generated by Cargo.
# It is not intended for manual editing.
version = 3

[[package]]
name = "ahash"
version = "0.4.7"
source = "registry+https://github.com/rust-lang/crates.io-index"
checksum = "739f4a8db6605981345c5654f3a85b056ce52f37a39d34da03f25bf2151ea16e"

[[package]]
name = "arrayvec"
version = "0.5.2"
source = "registry+https://github.com/rust-lang/crates.io-index"
checksum = "23b62fc65de8e4e7f52534fb52b0f3ed04746ae267519eef2a83941e8085068b"

[[package]]
name = "ash"
version = "0.31.0"
source = "registry+https://github.com/rust-lang/crates.io-index"
checksum = "c69a8137596e84c22d57f3da1b5de1d4230b1742a710091c85f4d7ce50f00f38"
dependencies = [
 "libloading",
]

[[package]]
name = "atom"
version = "0.3.6"
source = "registry+https://github.com/rust-lang/crates.io-index"
checksum = "c9ff149ed9780025acfdb36862d35b28856bb693ceb451259a7164442f22fdc3"

[[package]]
name = "autocfg"
version = "1.0.1"
source = "registry+https://github.com/rust-lang/crates.io-index"
checksum = "cdb031dd78e28731d87d56cc8ffef4a8f36ca26c38fe2de700543e627f8a464a"

[[package]]
name = "bimap"
version = "0.6.1"
source = "registry+https://github.com/rust-lang/crates.io-index"
checksum = "50ae17cabbc8a38a1e3e4c1a6a664e9a09672dc14d0896fa8d865d3a5a446b07"

[[package]]
name = "bitflags"
version = "1.2.1"
source = "registry+https://github.com/rust-lang/crates.io-index"
checksum = "cf1de2fe8c75bc145a2f577add951f8134889b4795d47466a54a5c846d691693"

[[package]]
name = "block"
version = "0.1.6"
source = "registry+https://github.com/rust-lang/crates.io-index"
checksum = "0d8c1fef690941d3e7788d328517591fecc684c084084702d6ff1641e993699a"

[[package]]
name = "bumpalo"
version = "3.6.1"
source = "registry+https://github.com/rust-lang/crates.io-index"
checksum = "63396b8a4b9de3f4fdfb320ab6080762242f66a8ef174c49d8e19b674db4cdbe"

[[package]]
name = "byteorder"
version = "1.4.3"
source = "registry+https://github.com/rust-lang/crates.io-index"
checksum = "14c189c53d098945499cdfa7ecc63567cf3886b3332b312a5b4585d8d3a6a610"

[[package]]
name = "cc"
version = "1.0.67"
source = "registry+https://github.com/rust-lang/crates.io-index"
checksum = "e3c69b077ad434294d3ce9f1f6143a2a4b89a8a2d54ef813d85003a4fd1137fd"
dependencies = [
 "jobserver",
]

[[package]]
name = "cfg-if"
version = "0.1.10"
source = "registry+https://github.com/rust-lang/crates.io-index"
checksum = "4785bdd1c96b2a846b2bd7cc02e86b6b3dbf14e7e53446c4f54c92a361040822"

[[package]]
name = "cfg-if"
version = "1.0.0"
source = "registry+https://github.com/rust-lang/crates.io-index"
checksum = "baf1de4339761588bc0619e3cbc0120ee582ebb74b53b4efbf79117bd2da40fd"

[[package]]
name = "cloudabi"
version = "0.0.3"
source = "registry+https://github.com/rust-lang/crates.io-index"
checksum = "ddfc5b9aa5d4507acaf872de71051dfd0e309860e88966e1051e462a077aac4f"
dependencies = [
 "bitflags",
]

[[package]]
name = "cmake"
version = "0.1.45"
source = "registry+https://github.com/rust-lang/crates.io-index"
checksum = "eb6210b637171dfba4cda12e579ac6dc73f5165ad56133e5d72ef3131f320855"
dependencies = [
 "cc",
]

[[package]]
name = "cocoa-foundation"
version = "0.1.0"
source = "registry+https://github.com/rust-lang/crates.io-index"
checksum = "7ade49b65d560ca58c403a479bb396592b155c0185eada742ee323d1d68d6318"
dependencies = [
 "bitflags",
 "block",
 "core-foundation",
 "core-graphics-types",
 "foreign-types",
 "libc",
 "objc",
]

[[package]]
name = "convert_case"
version = "0.4.0"
source = "registry+https://github.com/rust-lang/crates.io-index"
checksum = "6245d59a3e82a7fc217c5828a6692dbc6dfb63a0c8c90495621f7b9d79704a0e"

[[package]]
name = "copyless"
version = "0.1.5"
source = "registry+https://github.com/rust-lang/crates.io-index"
checksum = "a2df960f5d869b2dd8532793fde43eb5427cceb126c929747a26823ab0eeb536"

[[package]]
name = "core-foundation"
version = "0.9.1"
source = "registry+https://github.com/rust-lang/crates.io-index"
checksum = "0a89e2ae426ea83155dccf10c0fa6b1463ef6d5fcb44cee0b224a408fa640a62"
dependencies = [
 "core-foundation-sys",
 "libc",
]

[[package]]
name = "core-foundation-sys"
version = "0.8.2"
source = "registry+https://github.com/rust-lang/crates.io-index"
checksum = "ea221b5284a47e40033bf9b66f35f984ec0ea2931eb03505246cd27a963f981b"

[[package]]
name = "core-graphics-types"
version = "0.1.1"
source = "registry+https://github.com/rust-lang/crates.io-index"
checksum = "3a68b68b3446082644c91ac778bf50cd4104bfb002b5a6a7c44cca5a2c70788b"
dependencies = [
 "bitflags",
 "core-foundation",
 "foreign-types",
 "libc",
]

[[package]]
name = "d3d12"
version = "0.3.2"
source = "registry+https://github.com/rust-lang/crates.io-index"
checksum = "d0a60cceb22c7c53035f8980524fdc7f17cf49681a3c154e6757d30afbec6ec4"
dependencies = [
 "bitflags",
 "libloading",
 "winapi",
]

[[package]]
name = "derive_more"
version = "0.99.14"
source = "registry+https://github.com/rust-lang/crates.io-index"
checksum = "5cc7b9cef1e351660e5443924e4f43ab25fbbed3e9a5f052df3677deb4d6b320"
dependencies = [
 "convert_case",
 "proc-macro2 1.0.27",
 "quote 1.0.9",
 "syn 1.0.72",
]

[[package]]
name = "emu_core"
version = "0.1.1"
source = "registry+https://github.com/rust-lang/crates.io-index"
checksum = "9b38ed560aa42a1a29f0462f0b8f3dcff04404104e7761da4a0c757de8a53de7"
dependencies = [
 "derive_more",
 "futures",
 "lazy_static",
 "shaderc",
 "wgpu",
 "zerocopy 0.2.8",
]

[[package]]
name = "emu_glsl"
version = "0.1.0"
source = "registry+https://github.com/rust-lang/crates.io-index"
checksum = "03565236eaf3a67a15cfd1bdfc7f2726b6de569f4edd872f1200929566a9b7ac"
dependencies = [
 "quote 1.0.9",
 "syn 1.0.72",
]

[[package]]
name = "filetime"
version = "0.2.14"
source = "registry+https://github.com/rust-lang/crates.io-index"
checksum = "1d34cfa13a63ae058bfa601fe9e313bbdb3746427c1459185464ce0fcf62e1e8"
dependencies = [
 "cfg-if 1.0.0",
 "libc",
 "redox_syscall 0.2.8",
 "winapi",
]

[[package]]
name = "foreign-types"
version = "0.3.2"
source = "registry+https://github.com/rust-lang/crates.io-index"
checksum = "f6f339eb8adc052cd2ca78910fda869aefa38d22d5cb648e6485e4d3fc06f3b1"
dependencies = [
 "foreign-types-shared",
]

[[package]]
name = "foreign-types-shared"
version = "0.1.1"
source = "registry+https://github.com/rust-lang/crates.io-index"
checksum = "00b0228411908ca8685dba7fc2cdd70ec9990a6e753e89b6ac91a84c40fbaf4b"

[[package]]
name = "futures"
version = "0.3.15"
source = "registry+https://github.com/rust-lang/crates.io-index"
checksum = "0e7e43a803dae2fa37c1f6a8fe121e1f7bf9548b4dfc0522a42f34145dadfc27"
dependencies = [
 "futures-channel",
 "futures-core",
 "futures-executor",
 "futures-io",
 "futures-sink",
 "futures-task",
 "futures-util",
]

[[package]]
name = "futures-channel"
version = "0.3.15"
source = "registry+https://github.com/rust-lang/crates.io-index"
checksum = "e682a68b29a882df0545c143dc3646daefe80ba479bcdede94d5a703de2871e2"
dependencies = [
 "futures-core",
 "futures-sink",
]

[[package]]
name = "futures-core"
version = "0.3.15"
source = "registry+https://github.com/rust-lang/crates.io-index"
checksum = "0402f765d8a89a26043b889b26ce3c4679d268fa6bb22cd7c6aad98340e179d1"

[[package]]
name = "futures-executor"
version = "0.3.15"
source = "registry+https://github.com/rust-lang/crates.io-index"
checksum = "badaa6a909fac9e7236d0620a2f57f7664640c56575b71a7552fbd68deafab79"
dependencies = [
 "futures-core",
 "futures-task",
 "futures-util",
]

[[package]]
name = "futures-io"
version = "0.3.15"
source = "registry+https://github.com/rust-lang/crates.io-index"
checksum = "acc499defb3b348f8d8f3f66415835a9131856ff7714bf10dadfc4ec4bdb29a1"

[[package]]
name = "futures-macro"
version = "0.3.15"
source = "registry+https://github.com/rust-lang/crates.io-index"
checksum = "a4c40298486cdf52cc00cd6d6987892ba502c7656a16a4192a9992b1ccedd121"
dependencies = [
 "autocfg",
 "proc-macro-hack",
 "proc-macro2 1.0.27",
 "quote 1.0.9",
 "syn 1.0.72",
]

[[package]]
name = "futures-sink"
version = "0.3.15"
source = "registry+https://github.com/rust-lang/crates.io-index"
checksum = "a57bead0ceff0d6dde8f465ecd96c9338121bb7717d3e7b108059531870c4282"

[[package]]
name = "futures-task"
version = "0.3.15"
source = "registry+https://github.com/rust-lang/crates.io-index"
checksum = "8a16bef9fc1a4dddb5bee51c989e3fbba26569cbb0e31f5b303c184e3dd33dae"

[[package]]
name = "futures-util"
version = "0.3.15"
source = "registry+https://github.com/rust-lang/crates.io-index"
checksum = "feb5c238d27e2bf94ffdfd27b2c29e3df4a68c4193bb6427384259e2bf191967"
dependencies = [
 "autocfg",
 "futures-channel",
 "futures-core",
 "futures-io",
 "futures-macro",
 "futures-sink",
 "futures-task",
 "memchr",
 "pin-project-lite",
 "pin-utils",
 "proc-macro-hack",
 "proc-macro-nested",
 "slab",
]

[[package]]
name = "fxhash"
version = "0.2.1"
source = "registry+https://github.com/rust-lang/crates.io-index"
checksum = "c31b6d751ae2c7f11320402d34e41349dd1016f8d5d45e48c4312bc8625af50c"
dependencies = [
 "byteorder",
]

[[package]]
name = "gfx-auxil"
version = "0.4.0"
source = "registry+https://github.com/rust-lang/crates.io-index"
checksum = "67bdbf8e8d6883c70e5a0d7379ad8ab3ac95127a3761306b36122d8f1c177a8e"
dependencies = [
 "fxhash",
 "gfx-hal",
 "spirv_cross",
]

[[package]]
name = "gfx-backend-dx11"
version = "0.5.3"
source = "registry+https://github.com/rust-lang/crates.io-index"
checksum = "bc32a386fdb3240dea3df141dfc2343bf95e5719da36c3c5b0ecb6940a184f2b"
dependencies = [
 "bitflags",
 "gfx-auxil",
 "gfx-hal",
 "libloading",
 "log",
 "parking_lot 0.11.1",
 "range-alloc",
 "raw-window-handle",
 "smallvec",
 "spirv_cross",
 "winapi",
 "wio",
]

[[package]]
name = "gfx-backend-dx12"
version = "0.5.10"
source = "registry+https://github.com/rust-lang/crates.io-index"
checksum = "5959ce9dd48e7e04c71128024c3e76e86aa6fb6d83e48aad6819a1f7afae52e4"
dependencies = [
 "bitflags",
 "d3d12",
 "gfx-auxil",
 "gfx-hal",
 "log",
 "range-alloc",
 "raw-window-handle",
 "smallvec",
 "spirv_cross",
 "winapi",
]

[[package]]
name = "gfx-backend-empty"
version = "0.5.2"
source = "registry+https://github.com/rust-lang/crates.io-index"
checksum = "2e0f922b263916801583b7a1d58213f51c46a225c1cdf29f6d10135a23945f07"
dependencies = [
 "gfx-hal",
 "log",
 "raw-window-handle",
]

[[package]]
name = "gfx-backend-metal"
version = "0.5.7"
source = "registry+https://github.com/rust-lang/crates.io-index"
checksum = "5e0882c9bf80d6b57275acb6209ca60657b63ef71bb9e437f28a2417389c0b10"
dependencies = [
 "arrayvec",
 "bitflags",
 "block",
 "cocoa-foundation",
 "copyless",
 "foreign-types",
 "gfx-auxil",
 "gfx-hal",
 "lazy_static",
 "log",
 "metal",
 "objc",
 "parking_lot 0.11.1",
 "range-alloc",
 "raw-window-handle",
 "smallvec",
 "spirv_cross",
 "storage-map",
]

[[package]]
name = "gfx-backend-vulkan"
version = "0.5.11"
source = "registry+https://github.com/rust-lang/crates.io-index"
checksum = "aec9c919cfc236d2c36aaa38609c1906a92f2df99a3c7f53022b01936f98275a"
dependencies = [
 "arrayvec",
 "ash",
 "byteorder",
 "core-graphics-types",
 "gfx-hal",
 "lazy_static",
 "log",
 "objc",
 "raw-window-handle",
 "smallvec",
 "winapi",
 "x11",
]

[[package]]
name = "gfx-descriptor"
version = "0.1.0"
source = "registry+https://github.com/rust-lang/crates.io-index"
checksum = "1bf35f5d66d1bc56e63e68d7528441453f25992bd954b84309d23c659df2c5da"
dependencies = [
 "fxhash",
 "gfx-hal",
 "log",
]

[[package]]
name = "gfx-hal"
version = "0.5.3"
source = "registry+https://github.com/rust-lang/crates.io-index"
checksum = "a18534b23d4c262916231511309bc1f307c74cda8dcb68b93a10ca213a22814b"
dependencies = [
 "bitflags",
 "raw-window-handle",
]

[[package]]
name = "gfx-memory"
version = "0.1.3"
source = "registry+https://github.com/rust-lang/crates.io-index"
checksum = "c2eed6cda674d9cd4d92229102dbd544292124533d236904f987e9afab456137"
dependencies = [
 "fxhash",
 "gfx-hal",
 "hibitset",
 "log",
 "slab",
]

[[package]]
name = "glam"
version = "0.15.2"
source = "registry+https://github.com/rust-lang/crates.io-index"
checksum = "3abb554f8ee44336b72d522e0a7fe86a29e09f839a36022fa869a7dfe941a54b"

[[package]]
name = "hashbrown"
version = "0.9.1"
source = "registry+https://github.com/rust-lang/crates.io-index"
checksum = "d7afe4a420e3fe79967a00898cc1f4db7c8a49a9333a29f8a4bd76a253d5cd04"
dependencies = [
 "ahash",
]

[[package]]
name = "heck"
version = "0.3.2"
source = "registry+https://github.com/rust-lang/crates.io-index"
checksum = "87cbf45460356b7deeb5e3415b5563308c0a9b057c85e12b06ad551f98d0a6ac"
dependencies = [
 "unicode-segmentation",
]

[[package]]
name = "hibitset"
version = "0.6.3"
source = "registry+https://github.com/rust-lang/crates.io-index"
checksum = "93a1bb8316a44459a7d14253c4d28dd7395cbd23cc04a68c46e851b8e46d64b1"
dependencies = [
 "atom",
]

[[package]]
name = "indexmap"
version = "1.6.2"
source = "registry+https://github.com/rust-lang/crates.io-index"
checksum = "824845a0bf897a9042383849b02c1bc219c2383772efcd5c6f9766fa4b81aef3"
dependencies = [
 "autocfg",
 "hashbrown",
]

[[package]]
name = "instant"
version = "0.1.9"
source = "registry+https://github.com/rust-lang/crates.io-index"
checksum = "61124eeebbd69b8190558df225adf7e4caafce0d743919e5d6b19652314ec5ec"
dependencies = [
 "cfg-if 1.0.0",
]

[[package]]
name = "itoa"
version = "0.4.7"
source = "registry+https://github.com/rust-lang/crates.io-index"
checksum = "dd25036021b0de88a0aff6b850051563c6516d0bf53f8638938edbb9de732736"

[[package]]
name = "jobserver"
version = "0.1.22"
source = "registry+https://github.com/rust-lang/crates.io-index"
checksum = "972f5ae5d1cb9c6ae417789196c803205313edde988685da5e3aae0827b9e7fd"
dependencies = [
 "libc",
]

[[package]]
name = "js-sys"
version = "0.3.51"
source = "registry+https://github.com/rust-lang/crates.io-index"
checksum = "83bdfbace3a0e81a4253f73b49e960b053e396a11012cbd49b9b74d6a2b67062"
dependencies = [
 "wasm-bindgen",
]

[[package]]
name = "lazy_static"
version = "1.4.0"
source = "registry+https://github.com/rust-lang/crates.io-index"
checksum = "e2abad23fbc42b3700f2f279844dc832adb2b2eb069b2df918f455c4e18cc646"

[[package]]
name = "libc"
version = "0.2.94"
source = "registry+https://github.com/rust-lang/crates.io-index"
checksum = "18794a8ad5b29321f790b55d93dfba91e125cb1a9edbd4f8e3150acc771c1a5e"

[[package]]
name = "libloading"
version = "0.6.7"
source = "registry+https://github.com/rust-lang/crates.io-index"
checksum = "351a32417a12d5f7e82c368a66781e307834dae04c6ce0cd4456d52989229883"
dependencies = [
 "cfg-if 1.0.0",
 "winapi",
]

[[package]]
name = "libm"
version = "0.2.1"
source = "registry+https://github.com/rust-lang/crates.io-index"
checksum = "c7d73b3f436185384286bd8098d17ec07c9a7d2388a6599f824d8502b529702a"

[[package]]
name = "lock_api"
version = "0.3.4"
source = "registry+https://github.com/rust-lang/crates.io-index"
checksum = "c4da24a77a3d8a6d4862d95f72e6fdb9c09a643ecdb402d754004a557f2bec75"
dependencies = [
 "scopeguard",
]

[[package]]
name = "lock_api"
version = "0.4.4"
source = "registry+https://github.com/rust-lang/crates.io-index"
checksum = "0382880606dff6d15c9476c416d18690b72742aa7b605bb6dd6ec9030fbf07eb"
dependencies = [
 "scopeguard",
]

[[package]]
name = "log"
version = "0.4.14"
source = "registry+https://github.com/rust-lang/crates.io-index"
checksum = "51b9bbe6c47d51fc3e1a9b945965946b4c44142ab8792c50835a980d362c2710"
dependencies = [
 "cfg-if 1.0.0",
]

[[package]]
name = "malloc_buf"
version = "0.0.6"
source = "registry+https://github.com/rust-lang/crates.io-index"
checksum = "62bb907fe88d54d8d9ce32a3cceab4218ed2f6b7d35617cafe9adf84e43919cb"
dependencies = [
 "libc",
]

[[package]]
name = "memchr"
version = "2.4.0"
source = "registry+https://github.com/rust-lang/crates.io-index"
checksum = "b16bd47d9e329435e309c58469fe0791c2d0d1ba96ec0954152a5ae2b04387dc"

[[package]]
name = "metal"
version = "0.20.0"
source = "registry+https://github.com/rust-lang/crates.io-index"
checksum = "5c4e8a431536529327e28c9ba6992f2cb0c15d4222f0602a16e6d7695ff3bccf"
dependencies = [
 "bitflags",
 "block",
 "cocoa-foundation",
 "foreign-types",
 "log",
 "objc",
]

[[package]]
name = "num-traits"
version = "0.2.14"
source = "registry+https://github.com/rust-lang/crates.io-index"
checksum = "9a64b1ec5cda2586e284722486d802acf1f7dbdc623e2bfc57e65ca1cd099290"
dependencies = [
 "autocfg",
 "libm",
]

[[package]]
name = "objc"
version = "0.2.7"
source = "registry+https://github.com/rust-lang/crates.io-index"
checksum = "915b1b472bc21c53464d6c8461c9d3af805ba1ef837e1cac254428f4a77177b1"
dependencies = [
 "malloc_buf",
 "objc_exception",
]

[[package]]
name = "objc_exception"
version = "0.1.2"
source = "registry+https://github.com/rust-lang/crates.io-index"
checksum = "ad970fb455818ad6cba4c122ad012fae53ae8b4795f86378bce65e4f6bab2ca4"
dependencies = [
 "cc",
]

[[package]]
name = "parking_lot"
version = "0.10.2"
source = "registry+https://github.com/rust-lang/crates.io-index"
checksum = "d3a704eb390aafdc107b0e392f56a82b668e3a71366993b5340f5833fd62505e"
dependencies = [
 "lock_api 0.3.4",
 "parking_lot_core 0.7.2",
]

[[package]]
name = "parking_lot"
version = "0.11.1"
source = "registry+https://github.com/rust-lang/crates.io-index"
checksum = "6d7744ac029df22dca6284efe4e898991d28e3085c706c972bcd7da4a27a15eb"
dependencies = [
 "instant",
 "lock_api 0.4.4",
 "parking_lot_core 0.8.3",
]

[[package]]
name = "parking_lot_core"
version = "0.7.2"
source = "registry+https://github.com/rust-lang/crates.io-index"
checksum = "d58c7c768d4ba344e3e8d72518ac13e259d7c7ade24167003b8488e10b6740a3"
dependencies = [
 "cfg-if 0.1.10",
 "cloudabi",
 "libc",
 "redox_syscall 0.1.57",
 "smallvec",
 "winapi",
]

[[package]]
name = "parking_lot_core"
version = "0.8.3"
source = "registry+https://github.com/rust-lang/crates.io-index"
checksum = "fa7a782938e745763fe6907fc6ba86946d72f49fe7e21de074e08128a99fb018"
dependencies = [
 "cfg-if 1.0.0",
 "instant",
 "libc",
 "redox_syscall 0.2.8",
 "smallvec",
 "winapi",
]

[[package]]
name = "peek-poke"
version = "0.2.0"
source = "registry+https://github.com/rust-lang/crates.io-index"
checksum = "d93fd6a575ebf1ac2668d08443c97a22872cfb463fd8b7ddd141e9f6be59af2f"
dependencies = [
 "peek-poke-derive",
]

[[package]]
name = "peek-poke-derive"
version = "0.2.1"
source = "registry+https://github.com/rust-lang/crates.io-index"
checksum = "6fb44a25c5bba983be0fc8592dfaf3e6d0935ce8be0c6b15b2a39507af34a926"
dependencies = [
 "proc-macro2 1.0.27",
 "quote 1.0.9",
 "syn 1.0.72",
 "synstructure 0.12.4",
 "unicode-xid 0.2.2",
]

[[package]]
name = "pin-project-lite"
version = "0.2.6"
source = "registry+https://github.com/rust-lang/crates.io-index"
checksum = "dc0e1f259c92177c30a4c9d177246edd0a3568b25756a977d0632cf8fa37e905"

[[package]]
name = "pin-utils"
version = "0.1.0"
source = "registry+https://github.com/rust-lang/crates.io-index"
checksum = "8b870d8c151b6f2fb93e84a13146138f05d02ed11c7e7c54f8826aaaf7c9f184"

[[package]]
name = "pkg-config"
version = "0.3.19"
source = "registry+https://github.com/rust-lang/crates.io-index"
checksum = "3831453b3449ceb48b6d9c7ad7c96d5ea673e9b470a1dc578c2ce6521230884c"

[[package]]
name = "proc-macro-hack"
version = "0.5.19"
source = "registry+https://github.com/rust-lang/crates.io-index"
checksum = "dbf0c48bc1d91375ae5c3cd81e3722dff1abcf81a30960240640d223f59fe0e5"

[[package]]
name = "proc-macro-nested"
version = "0.1.7"
source = "registry+https://github.com/rust-lang/crates.io-index"
checksum = "bc881b2c22681370c6a780e47af9840ef841837bc98118431d4e1868bd0c1086"

[[package]]
name = "proc-macro2"
version = "0.4.30"
source = "registry+https://github.com/rust-lang/crates.io-index"
checksum = "cf3d2011ab5c909338f7887f4fc896d35932e29146c12c8d01da6b22a80ba759"
dependencies = [
 "unicode-xid 0.1.0",
]

[[package]]
name = "proc-macro2"
version = "1.0.27"
source = "registry+https://github.com/rust-lang/crates.io-index"
checksum = "f0d8caf72986c1a598726adc988bb5984792ef84f5ee5aa50209145ee8077038"
dependencies = [
 "unicode-xid 0.2.2",
]

[[package]]
name = "quote"
version = "0.6.13"
source = "registry+https://github.com/rust-lang/crates.io-index"
checksum = "6ce23b6b870e8f94f81fb0a363d65d86675884b34a09043c81e5562f11c1f8e1"
dependencies = [
 "proc-macro2 0.4.30",
]

[[package]]
name = "quote"
version = "1.0.9"
source = "registry+https://github.com/rust-lang/crates.io-index"
checksum = "c3d0b9745dc2debf507c8422de05d7226cc1f0644216dfdfead988f9b1ab32a7"
dependencies = [
 "proc-macro2 1.0.27",
]

[[package]]
name = "range-alloc"
version = "0.1.2"
source = "registry+https://github.com/rust-lang/crates.io-index"
checksum = "63e935c45e09cc6dcf00d2f0b2d630a58f4095320223d47fc68918722f0538b6"

[[package]]
name = "raw-string"
version = "0.3.5"
source = "registry+https://github.com/rust-lang/crates.io-index"
checksum = "e0501e134c6905fee1f10fed25b0a7e1261bf676cffac9543a7d0730dec01af2"

[[package]]
name = "raw-window-handle"
version = "0.3.3"
source = "registry+https://github.com/rust-lang/crates.io-index"
checksum = "0a441a7a6c80ad6473bd4b74ec1c9a4c951794285bf941c2126f607c72e48211"
dependencies = [
 "libc",
]

[[package]]
name = "redox_syscall"
version = "0.1.57"
source = "registry+https://github.com/rust-lang/crates.io-index"
checksum = "41cc0f7e4d5d4544e8861606a285bb08d3e70712ccc7d2b84d7c0ccfaf4b05ce"

[[package]]
name = "redox_syscall"
version = "0.2.8"
source = "registry+https://github.com/rust-lang/crates.io-index"
checksum = "742739e41cd49414de871ea5e549afb7e2a3ac77b589bcbebe8c82fab37147fc"
dependencies = [
 "bitflags",
]

[[package]]
name = "regex"
version = "1.5.4"
source = "registry+https://github.com/rust-lang/crates.io-index"
checksum = "d07a8629359eb56f1e2fb1652bb04212c072a87ba68546a04065d525673ac461"
dependencies = [
 "regex-syntax",
]

[[package]]
name = "regex-syntax"
version = "0.6.25"
source = "registry+https://github.com/rust-lang/crates.io-index"
checksum = "f497285884f3fcff424ffc933e56d7cbca511def0c9831a7f9b5f6153e3cc89b"

[[package]]
name = "rspirv"
version = "0.8.0"
source = "git+https://github.com/gfx-rs/rspirv.git?rev=4419db432d90cd333e62aae9669dd263acff0499#4419db432d90cd333e62aae9669dd263acff0499"
dependencies = [
 "derive_more",
 "fxhash",
 "num-traits",
 "spirv_headers",
]

[[package]]
name = "rustc-demangle"
version = "0.1.19"
source = "registry+https://github.com/rust-lang/crates.io-index"
checksum = "410f7acf3cb3a44527c5d9546bad4bf4e6c460915d5f9f2fc524498bfe8f70ce"

[[package]]
name = "rustc_codegen_spirv"
version = "0.4.0-alpha.7"
dependencies = [
 "bimap",
 "hashbrown",
 "indexmap",
 "libc",
 "num-traits",
 "rspirv",
 "rustc-demangle",
 "sanitize-filename",
 "serde",
 "serde_json",
 "smallvec",
 "spirv-tools",
 "syn 1.0.72",
 "tar",
 "topological-sort",
]

[[package]]
name = "rustgpuemu"
version = "0.1.0"
dependencies = [
 "emu_core",
 "emu_glsl",
 "futures",
 "glam",
 "spirv-builder",
 "spirv-std",
 "zerocopy 0.5.0",
]

[[package]]
name = "ryu"
version = "1.0.5"
source = "registry+https://github.com/rust-lang/crates.io-index"
checksum = "71d301d4193d031abdd79ff7e3dd721168a9572ef3fe51a1517aba235bd8f86e"

[[package]]
name = "sanitize-filename"
version = "0.3.0"
source = "registry+https://github.com/rust-lang/crates.io-index"
checksum = "bf18934a12018228c5b55a6dae9df5d0641e3566b3630cb46cc55564068e7c2f"
dependencies = [
 "lazy_static",
 "regex",
]

[[package]]
name = "scopeguard"
version = "1.1.0"
source = "registry+https://github.com/rust-lang/crates.io-index"
checksum = "d29ab0c6d3fc0ee92fe66e2d99f700eab17a8d57d1c1d3b748380fb20baa78cd"

[[package]]
name = "serde"
version = "1.0.126"
source = "registry+https://github.com/rust-lang/crates.io-index"
checksum = "ec7505abeacaec74ae4778d9d9328fe5a5d04253220a85c4ee022239fc996d03"
dependencies = [
 "serde_derive",
]

[[package]]
name = "serde_derive"
version = "1.0.126"
source = "registry+https://github.com/rust-lang/crates.io-index"
checksum = "963a7dbc9895aeac7ac90e74f34a5d5261828f79df35cbed41e10189d3804d43"
dependencies = [
 "proc-macro2 1.0.27",
 "quote 1.0.9",
 "syn 1.0.72",
]

[[package]]
name = "serde_json"
version = "1.0.64"
source = "registry+https://github.com/rust-lang/crates.io-index"
checksum = "799e97dc9fdae36a5c8b8f2cae9ce2ee9fdce2058c57a93e6099d919fd982f79"
dependencies = [
 "itoa",
 "ryu",
 "serde",
]

[[package]]
name = "shaderc"
version = "0.6.3"
source = "registry+https://github.com/rust-lang/crates.io-index"
checksum = "50b8aeaae10b9bda5cba66736a7e265f67698e912e1cc6a4678acba286e22be9"
dependencies = [
 "libc",
 "shaderc-sys",
]

[[package]]
name = "shaderc-sys"
version = "0.6.3"
source = "registry+https://github.com/rust-lang/crates.io-index"
checksum = "5b12d7c62d6732884c9dfab587503fa3a795b108df152415a89da23812d4737e"
dependencies = [
 "cmake",
 "libc",
]

[[package]]
name = "slab"
version = "0.4.3"
source = "registry+https://github.com/rust-lang/crates.io-index"
checksum = "f173ac3d1a7e3b28003f40de0b5ce7fe2710f9b9dc3fc38664cebee46b3b6527"

[[package]]
name = "smallvec"
version = "1.6.1"
source = "registry+https://github.com/rust-lang/crates.io-index"
checksum = "fe0f37c9e8f3c5a4a66ad655a93c74daac4ad00c441533bf5c6e7990bb42604e"

[[package]]
name = "spirv-builder"
version = "0.4.0-alpha.7"
dependencies = [
 "memchr",
 "raw-string",
 "rustc_codegen_spirv",
 "serde",
 "serde_json",
]

[[package]]
name = "spirv-std"
version = "0.4.0-alpha.7"
dependencies = [
 "bitflags",
 "num-traits",
 "spirv-std-macros",
 "spirv-types",
]

[[package]]
name = "spirv-std-macros"
version = "0.4.0-alpha.7"
dependencies = [
 "heck",
 "proc-macro2 1.0.27",
 "quote 1.0.9",
 "spirv-types",
 "syn 1.0.72",
]

[[package]]
name = "spirv-tools"
version = "0.6.1"
source = "registry+https://github.com/rust-lang/crates.io-index"
checksum = "663d6a7c1627d47e402e3a41076f6147bbe4bf11fd98687e1016599b3979f6d3"
dependencies = [
 "spirv-tools-sys",
]

[[package]]
name = "spirv-tools-sys"
version = "0.4.1"
source = "registry+https://github.com/rust-lang/crates.io-index"
checksum = "cbb083780a3721ff6dd496dbdc3b90c033b443bec676918b89c179b330081983"
dependencies = [
 "cc",
]

[[package]]
name = "spirv-types"
version = "0.4.0-alpha.7"

[[package]]
name = "spirv_cross"
version = "0.20.0"
source = "registry+https://github.com/rust-lang/crates.io-index"
checksum = "a33a9478e9c78782dd694d05dee074703a9c4c74b511de742b88a7e8149f1b37"
dependencies = [
 "cc",
 "js-sys",
 "wasm-bindgen",
]

[[package]]
name = "spirv_headers"
version = "1.5.1"
source = "git+https://github.com/gfx-rs/rspirv.git?rev=4419db432d90cd333e62aae9669dd263acff0499#4419db432d90cd333e62aae9669dd263acff0499"
dependencies = [
 "bitflags",
 "num-traits",
]

[[package]]
name = "storage-map"
version = "0.3.0"
source = "registry+https://github.com/rust-lang/crates.io-index"
checksum = "418bb14643aa55a7841d5303f72cf512cfb323b8cc221d51580500a1ca75206c"
dependencies = [
 "lock_api 0.4.4",
]

[[package]]
name = "syn"
version = "0.15.44"
source = "registry+https://github.com/rust-lang/crates.io-index"
checksum = "9ca4b3b69a77cbe1ffc9e198781b7acb0c7365a883670e8f1c1bc66fba79a5c5"
dependencies = [
 "proc-macro2 0.4.30",
 "quote 0.6.13",
 "unicode-xid 0.1.0",
]

[[package]]
name = "syn"
version = "1.0.72"
source = "registry+https://github.com/rust-lang/crates.io-index"
checksum = "a1e8cdbefb79a9a5a65e0db8b47b723ee907b7c7f8496c76a1770b5c310bab82"
dependencies = [
 "proc-macro2 1.0.27",
 "quote 1.0.9",
 "unicode-xid 0.2.2",
]

[[package]]
name = "synstructure"
version = "0.10.2"
source = "registry+https://github.com/rust-lang/crates.io-index"
checksum = "02353edf96d6e4dc81aea2d8490a7e9db177bf8acb0e951c24940bf866cb313f"
dependencies = [
 "proc-macro2 0.4.30",
 "quote 0.6.13",
 "syn 0.15.44",
 "unicode-xid 0.1.0",
]

[[package]]
name = "synstructure"
version = "0.12.4"
source = "registry+https://github.com/rust-lang/crates.io-index"
checksum = "b834f2d66f734cb897113e34aaff2f1ab4719ca946f9a7358dba8f8064148701"
dependencies = [
 "proc-macro2 1.0.27",
 "quote 1.0.9",
 "syn 1.0.72",
 "unicode-xid 0.2.2",
]

[[package]]
name = "tar"
version = "0.4.33"
source = "registry+https://github.com/rust-lang/crates.io-index"
checksum = "c0bcfbd6a598361fda270d82469fff3d65089dc33e175c9a131f7b4cd395f228"
dependencies = [
 "filetime",
 "libc",
 "xattr",
]

[[package]]
name = "topological-sort"
version = "0.1.0"
source = "registry+https://github.com/rust-lang/crates.io-index"
checksum = "aa7c7f42dea4b1b99439786f5633aeb9c14c1b53f75e282803c2ec2ad545873c"

[[package]]
name = "unicode-segmentation"
version = "1.7.1"
source = "registry+https://github.com/rust-lang/crates.io-index"
checksum = "bb0d2e7be6ae3a5fa87eed5fb451aff96f2573d2694942e40543ae0bbe19c796"

[[package]]
name = "unicode-xid"
version = "0.1.0"
source = "registry+https://github.com/rust-lang/crates.io-index"
checksum = "fc72304796d0818e357ead4e000d19c9c174ab23dc11093ac919054d20a6a7fc"

[[package]]
name = "unicode-xid"
version = "0.2.2"
source = "registry+https://github.com/rust-lang/crates.io-index"
checksum = "8ccb82d61f80a663efe1f787a51b16b5a51e3314d6ac365b08639f52387b33f3"

[[package]]
name = "vec_map"
version = "0.8.2"
source = "registry+https://github.com/rust-lang/crates.io-index"
checksum = "f1bddf1187be692e79c5ffeab891132dfb0f236ed36a43c7ed39f1165ee20191"

[[package]]
name = "wasm-bindgen"
version = "0.2.74"
source = "registry+https://github.com/rust-lang/crates.io-index"
checksum = "d54ee1d4ed486f78874278e63e4069fc1ab9f6a18ca492076ffb90c5eb2997fd"
dependencies = [
 "cfg-if 1.0.0",
 "wasm-bindgen-macro",
]

[[package]]
name = "wasm-bindgen-backend"
version = "0.2.74"
source = "registry+https://github.com/rust-lang/crates.io-index"
checksum = "3b33f6a0694ccfea53d94db8b2ed1c3a8a4c86dd936b13b9f0a15ec4a451b900"
dependencies = [
 "bumpalo",
 "lazy_static",
 "log",
 "proc-macro2 1.0.27",
 "quote 1.0.9",
 "syn 1.0.72",
 "wasm-bindgen-shared",
]

[[package]]
name = "wasm-bindgen-macro"
version = "0.2.74"
source = "registry+https://github.com/rust-lang/crates.io-index"
checksum = "088169ca61430fe1e58b8096c24975251700e7b1f6fd91cc9d59b04fb9b18bd4"
dependencies = [
 "quote 1.0.9",
 "wasm-bindgen-macro-support",
]

[[package]]
name = "wasm-bindgen-macro-support"
version = "0.2.74"
source = "registry+https://github.com/rust-lang/crates.io-index"
checksum = "be2241542ff3d9f241f5e2cb6dd09b37efe786df8851c54957683a49f0987a97"
dependencies = [
 "proc-macro2 1.0.27",
 "quote 1.0.9",
 "syn 1.0.72",
 "wasm-bindgen-backend",
 "wasm-bindgen-shared",
]

[[package]]
name = "wasm-bindgen-shared"
version = "0.2.74"
source = "registry+https://github.com/rust-lang/crates.io-index"
checksum = "d7cff876b8f18eed75a66cf49b65e7f967cb354a7aa16003fb55dbfd25b44b4f"

[[package]]
name = "wgpu"
version = "0.5.2"
source = "registry+https://github.com/rust-lang/crates.io-index"
checksum = "b5dece29f3cd403aabf4056595eabe4b9af56b8bfae12445f097cf8666a41829"
dependencies = [
 "arrayvec",
 "parking_lot 0.10.2",
 "raw-window-handle",
 "smallvec",
 "wgpu-core",
 "wgpu-native",
 "wgpu-types",
]

[[package]]
name = "wgpu-core"
version = "0.5.6"
source = "registry+https://github.com/rust-lang/crates.io-index"
checksum = "f07fd0b6b3b340465bce96286350d34b7661fb623ef24c3c2b8902ea654cd4e0"
dependencies = [
 "arrayvec",
 "bitflags",
 "copyless",
 "fxhash",
 "gfx-backend-dx11",
 "gfx-backend-dx12",
 "gfx-backend-empty",
 "gfx-backend-metal",
 "gfx-backend-vulkan",
 "gfx-descriptor",
 "gfx-hal",
 "gfx-memory",
 "log",
 "parking_lot 0.10.2",
 "peek-poke",
 "smallvec",
 "vec_map",
 "wgpu-types",
]

[[package]]
name = "wgpu-native"
version = "0.5.1"
source = "registry+https://github.com/rust-lang/crates.io-index"
checksum = "5f1ac9838b0715d7911352db1268e34dfd05ef347fbef0b65ae211268316a432"
dependencies = [
 "arrayvec",
 "lazy_static",
 "libc",
 "objc",
 "parking_lot 0.10.2",
 "raw-window-handle",
 "wgpu-core",
 "wgpu-types",
]

[[package]]
name = "wgpu-types"
version = "0.5.1"
source = "registry+https://github.com/rust-lang/crates.io-index"
checksum = "f3474b5ce2ed628e158c2fe4387a469b2ee119604556aa2debd10d830cedc3bc"
dependencies = [
 "bitflags",
 "peek-poke",
]

[[package]]
name = "winapi"
version = "0.3.9"
source = "registry+https://github.com/rust-lang/crates.io-index"
checksum = "5c839a674fcd7a98952e593242ea400abe93992746761e38641405d28b00f419"
dependencies = [
 "winapi-i686-pc-windows-gnu",
 "winapi-x86_64-pc-windows-gnu",
]

[[package]]
name = "winapi-i686-pc-windows-gnu"
version = "0.4.0"
source = "registry+https://github.com/rust-lang/crates.io-index"
checksum = "ac3b87c63620426dd9b991e5ce0329eff545bccbbb34f3be09ff6fb6ab51b7b6"

[[package]]
name = "winapi-x86_64-pc-windows-gnu"
version = "0.4.0"
source = "registry+https://github.com/rust-lang/crates.io-index"
checksum = "712e227841d057c1ee1cd2fb22fa7e5a5461ae8e48fa2ca79ec42cfc1931183f"

[[package]]
name = "wio"
version = "0.2.2"
source = "registry+https://github.com/rust-lang/crates.io-index"
checksum = "5d129932f4644ac2396cb456385cbf9e63b5b30c6e8dc4820bdca4eb082037a5"
dependencies = [
 "winapi",
]

[[package]]
name = "x11"
version = "2.18.2"
source = "registry+https://github.com/rust-lang/crates.io-index"
checksum = "77ecd092546cb16f25783a5451538e73afc8d32e242648d54f4ae5459ba1e773"
dependencies = [
 "libc",
 "pkg-config",
]

[[package]]
name = "xattr"
version = "0.2.2"
source = "registry+https://github.com/rust-lang/crates.io-index"
checksum = "244c3741f4240ef46274860397c7c74e50eb23624996930e484c16679633a54c"
dependencies = [
 "libc",
]

[[package]]
name = "zerocopy"
version = "0.2.8"
source = "registry+https://github.com/rust-lang/crates.io-index"
checksum = "992b9b31f80fd4a167f903f879b8ca43d6716cc368ea01df90538baa2dd34056"
dependencies = [
 "byteorder",
 "zerocopy-derive 0.1.4",
]

[[package]]
name = "zerocopy"
version = "0.5.0"
source = "registry+https://github.com/rust-lang/crates.io-index"
checksum = "5e59ec1d2457bd6c0dd89b50e7d9d6b0b647809bf3f0a59ac85557046950b7b2"
dependencies = [
 "byteorder",
 "zerocopy-derive 0.3.0",
]

[[package]]
name = "zerocopy-derive"
version = "0.1.4"
source = "registry+https://github.com/rust-lang/crates.io-index"
checksum = "b090467ecd0624026e8a6405d343ac7382592530d54881330b3fc8e400280fa5"
dependencies = [
 "proc-macro2 0.4.30",
 "syn 0.15.44",
 "synstructure 0.10.2",
]

[[package]]
name = "zerocopy-derive"
version = "0.3.0"
source = "registry+https://github.com/rust-lang/crates.io-index"
checksum = "0af017aca1fa6181f5dd7a802456fe6f7666ecdcc18d0910431f0fc89d474e51"
dependencies = [
 "proc-macro2 1.0.27",
 "syn 1.0.72",
 "synstructure 0.12.4",
]
